
Microsoft Visual Studio Solution File, Format Version 12.00
# Visual Studio Version 16
VisualStudioVersion = 16.0.30907.101
MinimumVisualStudioVersion = 10.0.40219.1
Project("{9A19103F-16F7-4668-BE54-9A1E7A4F7556}") = "KampIntro", "KampIntro\KampIntro.csproj", "{8BA8E749-E150-4AB0-807D-E9E5A9DD25B4}"
EndProject
Project("{9A19103F-16F7-4668-BE54-9A1E7A4F7556}") = "Donguler", "Donguler\Donguler.csproj", "{11DB9EA7-9279-49E2-BA59-BFB1D6D5764A}"
EndProject
Project("{9A19103F-16F7-4668-BE54-9A1E7A4F7556}") = "ClassIntro", "ClassIntro\ClassIntro.csproj", "{D1934111-0128-497B-A7F0-A42EDB4E149B}"
EndProject
Project("{9A19103F-16F7-4668-BE54-9A1E7A4F7556}") = "Metotlar", "Metotlar\Metotlar.csproj", "{29B62030-50AA-4715-A5C8-AB98EE3B741F}"
EndProject
Project("{9A19103F-16F7-4668-BE54-9A1E7A4F7556}") = "Matematik", "Matematik\Matematik.csproj", "{1FC75BB7-AD8E-40CD-A2D5-ED9A6FE630E3}"
EndProject
Project("{9A19103F-16F7-4668-BE54-9A1E7A4F7556}") = "DegerVeReferansTipler", "DegerVeReferansTipler\DegerVeReferansTipler.csproj", "{66C1BC34-0944-417F-9A7D-076126EA280E}"
EndProject
Project("{9A19103F-16F7-4668-BE54-9A1E7A4F7556}") = "OOP1", "OOP1\OOP1.csproj", "{F89D470D-7F32-41A0-B54E-F9391D7F6AA9}"
EndProject
Project("{9A19103F-16F7-4668-BE54-9A1E7A4F7556}") = "Collections", "Collections\Collections.csproj", "{CDE900F0-4E07-48E0-9B38-CB8F6C71E513}"
EndProject
Project("{9A19103F-16F7-4668-BE54-9A1E7A4F7556}") = "GenericsIntro", "GenericsIntro\GenericsIntro.csproj", "{AF8B277F-83E0-4673-A244-ED0E45D69A0C}"
EndProject
Project("{9A19103F-16F7-4668-BE54-9A1E7A4F7556}") = "Day4", "Day4\Day4.csproj", "{F68A9D60-1907-4942-8117-2BA418660170}"
EndProject
Project("{FAE04EC0-301F-11D3-BF4B-00C04F79EFBC}") = "OOP2", "OOP2\OOP2.csproj", "{B1CAED58-BAE7-4856-B411-35CC29BC4924}"
EndProject
Project("{FAE04EC0-301F-11D3-BF4B-00C04F79EFBC}") = "OOP3", "OOP3\OOP3.csproj", "{18135B1E-A445-4B1E-A397-B68DDBD08B0D}"
EndProject
Global
	GlobalSection(SolutionConfigurationPlatforms) = preSolution
		Debug|Any CPU = Debug|Any CPU
		Release|Any CPU = Release|Any CPU
	EndGlobalSection
	GlobalSection(ProjectConfigurationPlatforms) = postSolution
		{8BA8E749-E150-4AB0-807D-E9E5A9DD25B4}.Debug|Any CPU.ActiveCfg = Debug|Any CPU
		{8BA8E749-E150-4AB0-807D-E9E5A9DD25B4}.Debug|Any CPU.Build.0 = Debug|Any CPU
		{8BA8E749-E150-4AB0-807D-E9E5A9DD25B4}.Release|Any CPU.ActiveCfg = Release|Any CPU
		{8BA8E749-E150-4AB0-807D-E9E5A9DD25B4}.Release|Any CPU.Build.0 = Release|Any CPU
		{11DB9EA7-9279-49E2-BA59-BFB1D6D5764A}.Debug|Any CPU.ActiveCfg = Debug|Any CPU
		{11DB9EA7-9279-49E2-BA59-BFB1D6D5764A}.Debug|Any CPU.Build.0 = Debug|Any CPU
		{11DB9EA7-9279-49E2-BA59-BFB1D6D5764A}.Release|Any CPU.ActiveCfg = Release|Any CPU
		{11DB9EA7-9279-49E2-BA59-BFB1D6D5764A}.Release|Any CPU.Build.0 = Release|Any CPU
		{D1934111-0128-497B-A7F0-A42EDB4E149B}.Debug|Any CPU.ActiveCfg = Debug|Any CPU
		{D1934111-0128-497B-A7F0-A42EDB4E149B}.Debug|Any CPU.Build.0 = Debug|Any CPU
		{D1934111-0128-497B-A7F0-A42EDB4E149B}.Release|Any CPU.ActiveCfg = Release|Any CPU
		{D1934111-0128-497B-A7F0-A42EDB4E149B}.Release|Any CPU.Build.0 = Release|Any CPU
		{29B62030-50AA-4715-A5C8-AB98EE3B741F}.Debug|Any CPU.ActiveCfg = Debug|Any CPU
		{29B62030-50AA-4715-A5C8-AB98EE3B741F}.Debug|Any CPU.Build.0 = Debug|Any CPU
		{29B62030-50AA-4715-A5C8-AB98EE3B741F}.Release|Any CPU.ActiveCfg = Release|Any CPU
		{29B62030-50AA-4715-A5C8-AB98EE3B741F}.Release|Any CPU.Build.0 = Release|Any CPU
		{1FC75BB7-AD8E-40CD-A2D5-ED9A6FE630E3}.Debug|Any CPU.ActiveCfg = Debug|Any CPU
		{1FC75BB7-AD8E-40CD-A2D5-ED9A6FE630E3}.Debug|Any CPU.Build.0 = Debug|Any CPU
		{1FC75BB7-AD8E-40CD-A2D5-ED9A6FE630E3}.Release|Any CPU.ActiveCfg = Release|Any CPU
		{1FC75BB7-AD8E-40CD-A2D5-ED9A6FE630E3}.Release|Any CPU.Build.0 = Release|Any CPU
		{66C1BC34-0944-417F-9A7D-076126EA280E}.Debug|Any CPU.ActiveCfg = Debug|Any CPU
		{66C1BC34-0944-417F-9A7D-076126EA280E}.Debug|Any CPU.Build.0 = Debug|Any CPU
		{66C1BC34-0944-417F-9A7D-076126EA280E}.Release|Any CPU.ActiveCfg = Release|Any CPU
		{66C1BC34-0944-417F-9A7D-076126EA280E}.Release|Any CPU.Build.0 = Release|Any CPU
		{F89D470D-7F32-41A0-B54E-F9391D7F6AA9}.Debug|Any CPU.ActiveCfg = Debug|Any CPU
		{F89D470D-7F32-41A0-B54E-F9391D7F6AA9}.Debug|Any CPU.Build.0 = Debug|Any CPU
		{F89D470D-7F32-41A0-B54E-F9391D7F6AA9}.Release|Any CPU.ActiveCfg = Release|Any CPU
		{F89D470D-7F32-41A0-B54E-F9391D7F6AA9}.Release|Any CPU.Build.0 = Release|Any CPU
		{CDE900F0-4E07-48E0-9B38-CB8F6C71E513}.Debug|Any CPU.ActiveCfg = Debug|Any CPU
		{CDE900F0-4E07-48E0-9B38-CB8F6C71E513}.Debug|Any CPU.Build.0 = Debug|Any CPU
		{CDE900F0-4E07-48E0-9B38-CB8F6C71E513}.Release|Any CPU.ActiveCfg = Release|Any CPU
		{CDE900F0-4E07-48E0-9B38-CB8F6C71E513}.Release|Any CPU.Build.0 = Release|Any CPU
		{AF8B277F-83E0-4673-A244-ED0E45D69A0C}.Debug|Any CPU.ActiveCfg = Debug|Any CPU
		{AF8B277F-83E0-4673-A244-ED0E45D69A0C}.Debug|Any CPU.Build.0 = Debug|Any CPU
		{AF8B277F-83E0-4673-A244-ED0E45D69A0C}.Release|Any CPU.ActiveCfg = Release|Any CPU
		{AF8B277F-83E0-4673-A244-ED0E45D69A0C}.Release|Any CPU.Build.0 = Release|Any CPU
		{F68A9D60-1907-4942-8117-2BA418660170}.Debug|Any CPU.ActiveCfg = Debug|Any CPU
		{F68A9D60-1907-4942-8117-2BA418660170}.Debug|Any CPU.Build.0 = Debug|Any CPU
		{F68A9D60-1907-4942-8117-2BA418660170}.Release|Any CPU.ActiveCfg = Release|Any CPU
		{F68A9D60-1907-4942-8117-2BA418660170}.Release|Any CPU.Build.0 = Release|Any CPU
		{B1CAED58-BAE7-4856-B411-35CC29BC4924}.Debug|Any CPU.ActiveCfg = Debug|Any CPU
		{B1CAED58-BAE7-4856-B411-35CC29BC4924}.Debug|Any CPU.Build.0 = Debug|Any CPU
		{B1CAED58-BAE7-4856-B411-35CC29BC4924}.Release|Any CPU.ActiveCfg = Release|Any CPU
		{B1CAED58-BAE7-4856-B411-35CC29BC4924}.Release|Any CPU.Build.0 = Release|Any CPU
		{18135B1E-A445-4B1E-A397-B68DDBD08B0D}.Debug|Any CPU.ActiveCfg = Debug|Any CPU
		{18135B1E-A445-4B1E-A397-B68DDBD08B0D}.Debug|Any CPU.Build.0 = Debug|Any CPU
		{18135B1E-A445-4B1E-A397-B68DDBD08B0D}.Release|Any CPU.ActiveCfg = Release|Any CPU
		{18135B1E-A445-4B1E-A397-B68DDBD08B0D}.Release|Any CPU.Build.0 = Release|Any CPU
	EndGlobalSection
	GlobalSection(SolutionProperties) = preSolution
		HideSolutionNode = FALSE
	EndGlobalSection
	GlobalSection(ExtensibilityGlobals) = postSolution
		SolutionGuid = {47822E3C-43AE-434A-9FC6-785B9CFD6CFA}
	EndGlobalSection
EndGlobal
